Microsoft Visual Studio Solution File, Format Version 11.00
# Visual Studio 2010
Project("{8BC9CEB8-8B4A-11D0-8D11-00A0C91BC942}") = "prep", "updater-windows-default\prep.vcxproj", "{D0416A33-DE92-45AB-9719-E3AF1DF8CE0B}"
	ProjectSection(ProjectDependencies) = postProject
		{D0416A33-DE92-45AB-9719-E3AF1DF8CE0B} = {D0416A33-DE92-45AB-9719-E3AF1DF8CE0B}
	EndProjectSection
EndProject
Project("{8BC9CEB8-8B4A-11D0-8D11-00A0C91BC942}") = "libupdate", "updater-windows-default\libupdate.vcxproj", "{32435E23-C0BB-4D0B-8891-9C63DD497A91}"
	ProjectSection(ProjectDependencies) = postProject
		{D0416A33-DE92-45AB-9719-E3AF1DF8CE0B} = {D0416A33-DE92-45AB-9719-E3AF1DF8CE0B}
	EndProjectSection
	ProjectSection(ProjectDependencies) = postProject
		{32435E23-C0BB-4D0B-8891-9C63DD497A91} = {32435E23-C0BB-4D0B-8891-9C63DD497A91}
	EndProjectSection
EndProject
Project("{8BC9CEB8-8B4A-11D0-8D11-00A0C91BC942}") = "updater", "updater-windows-default\updater.vcxproj", "{E2F740A0-21B8-437F-BFD3-2A85669936AF}"
	ProjectSection(ProjectDependencies) = postProject
		{D0416A33-DE92-45AB-9719-E3AF1DF8CE0B} = {D0416A33-DE92-45AB-9719-E3AF1DF8CE0B}
	EndProjectSection
	ProjectSection(ProjectDependencies) = postProject
		{32435E23-C0BB-4D0B-8891-9C63DD497A91} = {32435E23-C0BB-4D0B-8891-9C63DD497A91}
	EndProjectSection
	ProjectSection(ProjectDependencies) = postProject
		{E2F740A0-21B8-437F-BFD3-2A85669936AF} = {E2F740A0-21B8-437F-BFD3-2A85669936AF}
	EndProjectSection
EndProject

    Global
        GlobalSection(SolutionConfigurationPlatforms) = preSolution
            Debug|Win32 = Debug|Win32
            Debug|x64 = Debug|x64
            Release|Win32 = Release|Win32
            Release|x64 = Release|x64
        EndGlobalSection
        GlobalSection(ProjectConfigurationPlatforms) = postSolution
{D0416A33-DE92-45AB-9719-E3AF1DF8CE0B}.Debug|Win32.ActiveCfg = Debug|Win32
{D0416A33-DE92-45AB-9719-E3AF1DF8CE0B}.Debug|Win32.Build.0 = Debug|Win32
{D0416A33-DE92-45AB-9719-E3AF1DF8CE0B}.Debug|x64.ActiveCfg = Debug|x64
{D0416A33-DE92-45AB-9719-E3AF1DF8CE0B}.Debug|x64.Build.0 = Debug|x64
{D0416A33-DE92-45AB-9719-E3AF1DF8CE0B}.Release|Win32.ActiveCfg = Release|Win32
{D0416A33-DE92-45AB-9719-E3AF1DF8CE0B}.Release|Win32.Build.0 = Release|Win32
{D0416A33-DE92-45AB-9719-E3AF1DF8CE0B}.Release|x64.ActiveCfg = Release|x64
{D0416A33-DE92-45AB-9719-E3AF1DF8CE0B}.Release|x64.Build.0 = Release|x64
{32435E23-C0BB-4D0B-8891-9C63DD497A91}.Debug|Win32.ActiveCfg = Debug|Win32
{32435E23-C0BB-4D0B-8891-9C63DD497A91}.Debug|Win32.Build.0 = Debug|Win32
{32435E23-C0BB-4D0B-8891-9C63DD497A91}.Debug|x64.ActiveCfg = Debug|x64
{32435E23-C0BB-4D0B-8891-9C63DD497A91}.Debug|x64.Build.0 = Debug|x64
{32435E23-C0BB-4D0B-8891-9C63DD497A91}.Release|Win32.ActiveCfg = Release|Win32
{32435E23-C0BB-4D0B-8891-9C63DD497A91}.Release|Win32.Build.0 = Release|Win32
{32435E23-C0BB-4D0B-8891-9C63DD497A91}.Release|x64.ActiveCfg = Release|x64
{32435E23-C0BB-4D0B-8891-9C63DD497A91}.Release|x64.Build.0 = Release|x64
{E2F740A0-21B8-437F-BFD3-2A85669936AF}.Debug|Win32.ActiveCfg = Debug|Win32
{E2F740A0-21B8-437F-BFD3-2A85669936AF}.Debug|Win32.Build.0 = Debug|Win32
{E2F740A0-21B8-437F-BFD3-2A85669936AF}.Debug|x64.ActiveCfg = Debug|x64
{E2F740A0-21B8-437F-BFD3-2A85669936AF}.Debug|x64.Build.0 = Debug|x64
{E2F740A0-21B8-437F-BFD3-2A85669936AF}.Release|Win32.ActiveCfg = Release|Win32
{E2F740A0-21B8-437F-BFD3-2A85669936AF}.Release|Win32.Build.0 = Release|Win32
{E2F740A0-21B8-437F-BFD3-2A85669936AF}.Release|x64.ActiveCfg = Release|x64
{E2F740A0-21B8-437F-BFD3-2A85669936AF}.Release|x64.Build.0 = Release|x64
EndGlobalSection

      GlobalSection(SolutionProperties) = preSolution
        HideSolutionNode = FALSE
      EndGlobalSection
    EndGlobal
