// !$*UTF8*$!
{
        archiveVersion = 1;
        classes = {
        };
        objectVersion = 46;
        objects = {

/* Begin PBXAggregateTarget section */
		002EDF19002EDF1900000006 /* All */ = {
    			isa = PBXAggregateTarget;
    			buildConfigurationList = 002EDF19002EDF1900000005 /* Build configuration list for PBXAggregateTarget "All" */;
    			buildPhases = (
    				
    			);
    			dependencies = (
				002EDF19002EDF1900000007 /* PBXTargetDependency libupdater */,
				002EDF19002EDF1900000008 /* PBXTargetDependency updater */,
				002EDF19002EDF1900000009 /* PBXTargetDependency All */,
				002EDF19002EDF190000000A /* PBXTargetDependency Prep */,
			);
    			name = All;
    			productName = All;
    		};
		002EDF19002EDF190000000C /* Prep */ = {
    			isa = PBXAggregateTarget;
    			buildConfigurationList = 002EDF19002EDF190000000B /* Build configuration list for PBXAggregateTarget "Prep" */;
    			buildPhases = (
    				002EDF19002EDF190000000D,
    			);
    			dependencies = (
			);
    			name = Prep;
    			productName = Prep;
    		};
/* End PBXAggregateTarget section */

/* Begin PBXBuildFile section */
		002EDF19002EDF190000000E /* updater.c in Sources */ = {isa = PBXBuildFile; fileRef = 002EDF19002EDF190000000F /* updater.c */; };
		002EDF19002EDF1900000010 /* main.c in Sources */ = {isa = PBXBuildFile; fileRef = 002EDF19002EDF1900000011 /* main.c */; };
		002EDF19002EDF1900000012 /* libupdater.a for updater */ = {isa = PBXBuildFile; fileRef = 002EDF19002EDF1900000013; };
/* End PBXBuildFile section */

/* Begin PBXContainerItemProxy section */
		002EDF19002EDF1900000014 /* PBXContainerItemProxy Prep from libupdater */ = {
    			isa = PBXContainerItemProxy;
    			containerPortal = 002EDF19002EDF1900000001 /* Project object */;
    			proxyType = 1;
    			remoteGlobalIDString = 002EDF19002EDF190000000C;
    			remoteInfo = Prep;
    		};
		002EDF19002EDF1900000015 /* PBXContainerItemProxy Prep from updater */ = {
    			isa = PBXContainerItemProxy;
    			containerPortal = 002EDF19002EDF1900000001 /* Project object */;
    			proxyType = 1;
    			remoteGlobalIDString = 002EDF19002EDF190000000C;
    			remoteInfo = Prep;
    		};
		002EDF19002EDF1900000016 /* PBXContainerItemProxy libupdater from updater */ = {
    			isa = PBXContainerItemProxy;
    			containerPortal = 002EDF19002EDF1900000001 /* Project object */;
    			proxyType = 1;
    			remoteGlobalIDString = 002EDF19002EDF1900000017;
    			remoteInfo = libupdater;
    		};
		002EDF19002EDF1900000018 /* PBXContainerItemProxy Prep from All */ = {
    			isa = PBXContainerItemProxy;
    			containerPortal = 002EDF19002EDF1900000001 /* Project object */;
    			proxyType = 1;
    			remoteGlobalIDString = 002EDF19002EDF190000000C;
    			remoteInfo = Prep;
    		};
		002EDF19002EDF1900000019 /* PBXContainerItemProxy libupdater from All */ = {
    			isa = PBXContainerItemProxy;
    			containerPortal = 002EDF19002EDF1900000001 /* Project object */;
    			proxyType = 1;
    			remoteGlobalIDString = 002EDF19002EDF1900000017;
    			remoteInfo = libupdater;
    		};
		002EDF19002EDF190000001A /* PBXContainerItemProxy updater from All */ = {
    			isa = PBXContainerItemProxy;
    			containerPortal = 002EDF19002EDF1900000001 /* Project object */;
    			proxyType = 1;
    			remoteGlobalIDString = 002EDF19002EDF190000001B;
    			remoteInfo = updater;
    		};
/* End PBXContainerItemProxy section */

/* Begin PBXFileReference section */
		002EDF19002EDF190000000F /* updater.c */ = {isa = PBXFileReference; fileEncoding = 4; lastKnownFileType = sourcecode.c.c; name = updater.c; path = src/updater.c; sourceTree = "<group>"; };
		002EDF19002EDF190000001C /* updater.h */ = {isa = PBXFileReference; fileEncoding = 4; lastKnownFileType = sourcecode.c.h; name = updater.h; path = src/updater.h; sourceTree = "<group>"; };
		002EDF19002EDF1900000013 /* libupdater */ = {isa = PBXFileReference; explicitFileType = "compiled.mach-o.dylib"; includeInIndex = 0; path = libupdater.a; sourceTree = BUILT_PRODUCTS_DIR; };
		002EDF19002EDF1900000011 /* main.c */ = {isa = PBXFileReference; fileEncoding = 4; lastKnownFileType = sourcecode.c.c; name = main.c; path = src/main.c; sourceTree = "<group>"; };
		002EDF19002EDF190000001D /* updater */ = {isa = PBXFileReference; explicitFileType = "compiled.mach-o.executable"; includeInIndex = 0; path = updater; sourceTree = BUILT_PRODUCTS_DIR; };
/* End PBXFileReference section */

/* Begin PBXFrameworksBuildPhase section */
		002EDF19002EDF190000001E /* Frameworks and Libraries for libupdater */ = {
                isa = PBXFrameworksBuildPhase;
                buildActionMask = 2147483647;
                files = (
    				
                );
                runOnlyForDeploymentPostprocessing = 0;
            };
		002EDF19002EDF190000001F /* Frameworks and Libraries for updater */ = {
                isa = PBXFrameworksBuildPhase;
                buildActionMask = 2147483647;
                files = (
    				002EDF19002EDF1900000012 /* libupdater */,				
                );
                runOnlyForDeploymentPostprocessing = 0;
            };
/* End PBXFrameworksBuildPhase section */

/* Begin PBXGroup section */
		002EDF19002EDF1900000020 /* Top Group */ = {
                isa = PBXGroup;
                children = (
				002EDF19002EDF1900000021 /* libupdater */,
				002EDF19002EDF1900000022 /* updater */,
				002EDF19002EDF1900000023 /* Products */,
			);
                sourceTree = "<group>";
            };
		002EDF19002EDF1900000021 /* libupdater */ = {
                isa = PBXGroup;
                children = (
				002EDF19002EDF190000001C /* updater.h */,
				002EDF19002EDF190000000F /* updater.c */,
			);
                name = "libupdater";
                path = ..;
                sourceTree = SOURCE_ROOT;
            };
		002EDF19002EDF1900000022 /* updater */ = {
                isa = PBXGroup;
                children = (
				002EDF19002EDF1900000011 /* main.c */,
			);
                name = "updater";
                path = ..;
                sourceTree = SOURCE_ROOT;
            };
		002EDF19002EDF1900000023 /* Products */ = {
                isa = PBXGroup;
                children = (
				002EDF19002EDF1900000013 /* libupdater */,
				002EDF19002EDF190000001D /* updater */,
			);
                name = "Products";
                path = ..;
                sourceTree = SOURCE_ROOT;
            };
/* End PBXGroup section */

/* Begin PBXNativeTarget section */
		002EDF19002EDF1900000017 /* libupdater */ = {
    			isa = PBXNativeTarget;
    			buildConfigurationList = 002EDF19002EDF1900000025 /* Build configuration list for PBXNativeTarget "libupdater" */;
    			buildPhases = (
    				002EDF19002EDF1900000024 /* Sources */,
    				002EDF19002EDF190000001E /* Frameworks */,
    			);
    			buildRules = (
    			);
    			dependencies = (
    				002EDF19002EDF1900000026 /* Prep */,				
    			);
    			name = libupdater;
    			productName = updater;
    			productReference = 002EDF19002EDF1900000013 /* libupdater */;
    			productType = "com.apple.product-type.library.dynamic";
    		};
		002EDF19002EDF190000001B /* updater */ = {
    			isa = PBXNativeTarget;
    			buildConfigurationList = 002EDF19002EDF1900000028 /* Build configuration list for PBXNativeTarget "updater" */;
    			buildPhases = (
    				002EDF19002EDF1900000027 /* Sources */,
    				002EDF19002EDF190000001F /* Frameworks */,
    			);
    			buildRules = (
    			);
    			dependencies = (
    				002EDF19002EDF1900000029 /* Prep */,
				002EDF19002EDF190000002A /* libupdater */,				
    			);
    			name = updater;
    			productName = updater;
    			productReference = 002EDF19002EDF190000001D /* updater */;
    			productType = "com.apple.product-type.tool";
    		};
/* End PBXNativeTarget section */

/* Begin PBXShellScriptBuildPhase section */
		002EDF19002EDF190000000D /* ShellScript for Prep */ = {
    			isa = PBXShellScriptBuildPhase;
    			buildActionMask = 2147483647;
    			files = (
    			);
    			inputPaths = (
    
    			);
    			outputPaths = (
    ../build/macosx-arm64-default/inc/me.h
    			);
    			runOnlyForDeploymentPostprocessing = 0;
    			shellPath = /bin/bash;
    			shellScript = "PATH=$PATH:/usr/local/bin
[ ! -x ${INC_DIR} ] && mkdir -p ${INC_DIR} ${OBJ_DIR} ${LIB_DIR} ${BIN_DIR}
[ ! -f ${INC_DIR}/me.h -a -f updater-macosx-default-me.h ] && cp updater-macosx-default-me.h ${INC_DIR}/me.h
if [ -f updater-macosx-default-me.h ] ; then
if ! diff ${INC_DIR}/me.h updater-macosx-default-me.h >/dev/null 2>&1 ; then
cp updater-macosx-default-me.h ${INC_DIR}/me.h
fi
fi
if [ ../src/me.h -nt ${OUT_DIR}/inc/me.h ] ; then
cp ../src/me.h ${OUT_DIR}/inc/me.h
fi
if [ ../src/osdep/osdep.h -nt ${OUT_DIR}/inc/osdep.h ] ; then
cp ../src/osdep/osdep.h ${OUT_DIR}/inc/osdep.h
fi
if [ ../src/updater.h -nt ${OUT_DIR}/inc/updater.h ] ; then
cp ../src/updater.h ${OUT_DIR}/inc/updater.h
fi
if [ ../src/me.h -nt ${OUT_DIR}/inc/me.h ] ; then
cp ../src/me.h ${OUT_DIR}/inc/me.h
fi
if [ ../src/updater.h -nt ${OUT_DIR}/inc/updater.h ] ; then
cp ../src/updater.h ${OUT_DIR}/inc/updater.h
fi
";
    		};
/* End PBXShellScriptBuildPhase section */

    /* Begin PBXProject section */
    		002EDF19002EDF1900000001 /* Project object */ = {
    			isa = PBXProject;
    			attributes = {
    				LastUpgradeCheck = 0430;
    				ORGANIZATIONNAME = "updater";
    			};
    			buildConfigurationList = 002EDF19002EDF1900000002 /* Build configuration list for PBXProject "updater" */;
    			compatibilityVersion = "Xcode 3.2";
    			developmentRegion = English;
    			hasScannedForEncodings = 0;
    			knownRegions = (
    				en,
    			);
    			mainGroup = 002EDF19002EDF1900000020;
    			productRefGroup = 002EDF19002EDF1900000023 /* Products */;
    			projectDirPath = "";
    			projectRoot = "";
    			targets = (
				002EDF19002EDF1900000006 /* All */,
				002EDF19002EDF190000000C /* Prep */,
				002EDF19002EDF1900000017 /* libupdater */,
				002EDF19002EDF190000001B /* updater */,
			);
    		};
    /* End PBXProject section */

/* Begin PBXSourcesBuildPhase section */
		002EDF19002EDF1900000024 /* libupdater Sources */ = {
    			isa = PBXSourcesBuildPhase;
    			buildActionMask = 2147483647;
    			files = (
    				002EDF19002EDF190000000E /* updater.c in Sources */,
    			);
    			runOnlyForDeploymentPostprocessing = 0;
    		};
		002EDF19002EDF1900000027 /* updater Sources */ = {
    			isa = PBXSourcesBuildPhase;
    			buildActionMask = 2147483647;
    			files = (
    				002EDF19002EDF1900000010 /* main.c in Sources */,
    			);
    			runOnlyForDeploymentPostprocessing = 0;
    		};
/* End PBXSourcesBuildPhase section */

/* Begin PBXTargetDependency section */
		002EDF19002EDF1900000026 /* PBXTargetDependency libupdater depends on Prep */ = {
    			isa = PBXTargetDependency;
    			target = 002EDF19002EDF190000000C /* Prep */;
    			targetProxy = 002EDF19002EDF1900000014 /* PBXContainerItemProxy */;
    		};
		002EDF19002EDF1900000029 /* PBXTargetDependency updater depends on Prep */ = {
    			isa = PBXTargetDependency;
    			target = 002EDF19002EDF190000000C /* Prep */;
    			targetProxy = 002EDF19002EDF1900000015 /* PBXContainerItemProxy */;
    		};
		002EDF19002EDF190000002A /* PBXTargetDependency updater depends on libupdater */ = {
    			isa = PBXTargetDependency;
    			target = 002EDF19002EDF1900000017 /* libupdater */;
    			targetProxy = 002EDF19002EDF1900000016 /* PBXContainerItemProxy */;
    		};
		002EDF19002EDF190000000A /* PBXTargetDependency All depends on Prep */ = {
    			isa = PBXTargetDependency;
    			target = 002EDF19002EDF190000000C /* Prep */;
    			targetProxy = 002EDF19002EDF1900000018 /* PBXContainerItemProxy */;
    		};
		002EDF19002EDF1900000007 /* PBXTargetDependency All depends on libupdater */ = {
    			isa = PBXTargetDependency;
    			target = 002EDF19002EDF1900000017 /* libupdater */;
    			targetProxy = 002EDF19002EDF1900000019 /* PBXContainerItemProxy */;
    		};
		002EDF19002EDF1900000008 /* PBXTargetDependency All depends on updater */ = {
    			isa = PBXTargetDependency;
    			target = 002EDF19002EDF190000001B /* updater */;
    			targetProxy = 002EDF19002EDF190000001A /* PBXContainerItemProxy */;
    		};
/* End PBXTargetDependency section */

    /* Begin XCBuildConfiguration section */
    		002EDF19002EDF1900000003 /* Debug */ = {
    			isa = XCBuildConfiguration;
    			buildSettings = {
    ME_DEBUG = "1";

                    /* Common Settings */
                    COMBINE_HIDPI_IMAGES = YES;
    				ALWAYS_SEARCH_USER_PATHS = NO;
                    ONLY_ACTIVE_ARCH = YES;
                    CURRENT_PROJECT_VERSION = 1.1;
                    DYLIB_COMPATIBILITY_VERSION = "$(CURRENT_PROJECT_VERSION)";
                    DYLIB_CURRENT_VERSION = "$(CURRENT_PROJECT_VERSION)";

    				GCC_C_LANGUAGE_STANDARD = gnu99;
    				GCC_VERSION = com.apple.compilers.llvm.clang.1_0;
    				GCC_WARN_ABOUT_RETURN_TYPE = YES;

GCC_NO_COMMON_BLOCKS = YES;
GCC_WARN_64_TO_32_BIT_CONVERSION = YES;
GCC_WARN_UNDECLARED_SELECTOR = YES;
CLANG_WARN_BOOL_CONVERSION = YES;
CLANG_WARN_CONSTANT_CONVERSION = YES;
CLANG_WARN_EMPTY_BODY = YES;
CLANG_WARN_ENUM_CONVERSION = YES;
CLANG_WARN_INT_CONVERSION = YES;
CLANG_WARN_UNREACHABLE_CODE = YES;
CLANG_WARN__DUPLICATE_METHOD_MATCH = YES;
ENABLE_STRICT_OBJC_MSGSEND = YES;
ENABLE_TESTABILITY = YES;

                    LD_DYLIB_INSTALL_NAME = "@rpath/$(EXECUTABLE_PATH)";
    				MACOSX_DEPLOYMENT_TARGET = 10.15;
    				SDKROOT = macosx;

                    OUT_DIR = "../build/macosx-arm64-default";
                    BIN_DIR = "../build/macosx-arm64-default/bin";
                    LIB_DIR = "../src";
                    INC_DIR = "../build/macosx-arm64-default/inc";
                    OBJ_DIR = "../build/macosx-arm64-default/obj";
                    SRC_DIR = "../src";

                    CONFIGURATION_TEMP_DIR = "$(OBJ_DIR)/updater-xcode/$(CONFIGURATION)";
                    CONFIGURATION_BUILD_DIR = "$(BIN_DIR)";
                    INSTALL_PATH = "/usr/lib/updater";
                    DSTROOT = "/tmp/updater.dst";
                    OBJROOT = "$(OBJ_DIR)";
                    SYMROOT = "$(BIN_DIR)";
    				GCC_WARN_64_TO_32_ME_CONVERSION = YES;
				GCC_WARN_64_TO_32_ME_CONVERSION = YES;
				GCC_WARN_UNUSED_VARIABLE = NO;
				GCC_WARN_UNUSED_FUNCTION = NO;
				GCC_WARN_UNUSED_LABEL = NO;
				GCC_WARN_64_TO_32_ME_CONVERSION = YES;
				GCC_WARN_64_TO_32_ME_CONVERSION = YES;
				GCC_WARN_UNUSED_VARIABLE = NO;
				GCC_WARN_UNUSED_FUNCTION = NO;
				GCC_WARN_UNUSED_LABEL = NO;

                    /* Debug Settings */
    				COPY_PHASE_STRIP = NO;
    				GCC_OPTIMIZATION_LEVEL = 0;
    				GCC_SYMBOLS_PRIVATE_EXTERN = NO;
    				HEADER_SEARCH_PATHS = (
					"../build/macosx-arm64-default/inc",
					"$(inherited)"
				);
				GCC_PREPROCESSOR_DEFINITIONS = (
					"ME_DEBUG=1",
					"$(inherited)"
				);
				LIBRARY_SEARCH_PATHS = (
					"../build/macosx-arm64-default/bin",
					"$(inherited)"
				);
				OTHER_LDFLAGS = (
					"-Wl,-no_warn_duplicate_libraries",
					"-Wl,-rpath,@executable_path/",
					"-Wl,-rpath,@loader_path/",
					"-ldl",
					"-lpthread",
					"-lm",
					"$(inherited)"
				);

    			};
    			name = Debug;
    		};
    		002EDF19002EDF1900000004 /* Release */ = {
    			isa = XCBuildConfiguration;
    			buildSettings = {
    ME_DEBUG = "1";

                    /* Common Settings */
                    COMBINE_HIDPI_IMAGES = YES;
    				ALWAYS_SEARCH_USER_PATHS = NO;
                    ONLY_ACTIVE_ARCH = YES;
                    CURRENT_PROJECT_VERSION = 1.1;
                    DYLIB_COMPATIBILITY_VERSION = "$(CURRENT_PROJECT_VERSION)";
                    DYLIB_CURRENT_VERSION = "$(CURRENT_PROJECT_VERSION)";

    				GCC_C_LANGUAGE_STANDARD = gnu99;
    				GCC_VERSION = com.apple.compilers.llvm.clang.1_0;
    				GCC_WARN_ABOUT_RETURN_TYPE = YES;

GCC_NO_COMMON_BLOCKS = YES;
GCC_WARN_64_TO_32_BIT_CONVERSION = YES;
GCC_WARN_UNDECLARED_SELECTOR = YES;
CLANG_WARN_BOOL_CONVERSION = YES;
CLANG_WARN_CONSTANT_CONVERSION = YES;
CLANG_WARN_EMPTY_BODY = YES;
CLANG_WARN_ENUM_CONVERSION = YES;
CLANG_WARN_INT_CONVERSION = YES;
CLANG_WARN_UNREACHABLE_CODE = YES;
CLANG_WARN__DUPLICATE_METHOD_MATCH = YES;
ENABLE_STRICT_OBJC_MSGSEND = YES;
ENABLE_TESTABILITY = YES;

                    LD_DYLIB_INSTALL_NAME = "@rpath/$(EXECUTABLE_PATH)";
    				MACOSX_DEPLOYMENT_TARGET = 10.15;
    				SDKROOT = macosx;

                    OUT_DIR = "../build/macosx-arm64-default";
                    BIN_DIR = "../build/macosx-arm64-default/bin";
                    LIB_DIR = "../src";
                    INC_DIR = "../build/macosx-arm64-default/inc";
                    OBJ_DIR = "../build/macosx-arm64-default/obj";
                    SRC_DIR = "../src";

                    CONFIGURATION_TEMP_DIR = "$(OBJ_DIR)/updater-xcode/$(CONFIGURATION)";
                    CONFIGURATION_BUILD_DIR = "$(BIN_DIR)";
                    INSTALL_PATH = "/usr/lib/updater";
                    DSTROOT = "/tmp/updater.dst";
                    OBJROOT = "$(OBJ_DIR)";
                    SYMROOT = "$(BIN_DIR)";
    				GCC_WARN_64_TO_32_ME_CONVERSION = YES;
				GCC_WARN_64_TO_32_ME_CONVERSION = YES;
				GCC_WARN_UNUSED_VARIABLE = NO;
				GCC_WARN_UNUSED_FUNCTION = NO;
				GCC_WARN_UNUSED_LABEL = NO;
				GCC_WARN_64_TO_32_ME_CONVERSION = YES;
				GCC_WARN_64_TO_32_ME_CONVERSION = YES;
				GCC_WARN_UNUSED_VARIABLE = NO;
				GCC_WARN_UNUSED_FUNCTION = NO;
				GCC_WARN_UNUSED_LABEL = NO;

                    /* Release Settings */
    				COPY_PHASE_STRIP = YES;
    				DEBUG_INFORMATION_FORMAT = "dwarf-with-dsym";
    				GCC_OPTIMIZATION_LEVEL = s;
                    GCC_WARN_UNINITIALIZED_AUTOS = NO;
    				HEADER_SEARCH_PATHS = (
					"../build/macosx-arm64-default/inc",
					"$(inherited)"
				);
				GCC_PREPROCESSOR_DEFINITIONS = (
					"ME_DEBUG=0",
					"$(inherited)"
				);
				LIBRARY_SEARCH_PATHS = (
					"../build/macosx-arm64-default/bin",
					"$(inherited)"
				);
				OTHER_LDFLAGS = (
					"-Wl,-no_warn_duplicate_libraries",
					"-Wl,-rpath,@executable_path/",
					"-Wl,-rpath,@loader_path/",
					"-ldl",
					"-lpthread",
					"-lm",
					"$(inherited)"
				);

    			};
    			name = Release;
    		};
		002EDF19002EDF190000002B /* Debug */ = {
    			isa = XCBuildConfiguration;
    			buildSettings = {
    				PRODUCT_NAME = libupdater;
    				EXECUTABLE_EXTENSION = a;

    				HEADER_SEARCH_PATHS = (
					"../src",
					"../src/osdep",
					"../../../../../opt/homebrew/include",
					"$(inherited)"
				);
				GCC_PREPROCESSOR_DEFINITIONS = (
					"ME_DEBUG=1",
					"$(inherited)"
				);
				OTHER_LDFLAGS = ();

				MACH_O_TYPE = staticlib;

    			};
    			name = Debug;
    		};
    		002EDF19002EDF190000002C /* Release */ = {
    			isa = XCBuildConfiguration;
    			buildSettings = {
    				PRODUCT_NAME = libupdater;
    				EXECUTABLE_EXTENSION = a;

    				HEADER_SEARCH_PATHS = (
					"../src",
					"../src/osdep",
					"../../../../../opt/homebrew/include",
					"$(inherited)"
				);
				GCC_PREPROCESSOR_DEFINITIONS = (
					"ME_DEBUG=0",
					"$(inherited)"
				);
				OTHER_LDFLAGS = ();

				MACH_O_TYPE = staticlib;

    			};
    			name = Release;
    		};
		002EDF19002EDF190000002D /* Debug */ = {
    			isa = XCBuildConfiguration;
    			buildSettings = {
    				PRODUCT_NAME = updater;
    
    				HEADER_SEARCH_PATHS = (
					"../src",
					"../src/osdep",
					"../../../../../opt/homebrew/include",
					"$(inherited)"
				);
				GCC_PREPROCESSOR_DEFINITIONS = (
					"ME_DEBUG=1",
					"$(inherited)"
				);
				LIBRARY_SEARCH_PATHS = (
					"../../../../../opt/homebrew/lib",
					"$(inherited)"
				);
				OTHER_LDFLAGS = (
					"-lcrypto",
					"-lssl",
					);

				MACH_O_TYPE = mh_execute;

    			};
    			name = Debug;
    		};
    		002EDF19002EDF190000002E /* Release */ = {
    			isa = XCBuildConfiguration;
    			buildSettings = {
    				PRODUCT_NAME = updater;
    
    				HEADER_SEARCH_PATHS = (
					"../src",
					"../src/osdep",
					"../../../../../opt/homebrew/include",
					"$(inherited)"
				);
				GCC_PREPROCESSOR_DEFINITIONS = (
					"ME_DEBUG=0",
					"$(inherited)"
				);
				LIBRARY_SEARCH_PATHS = (
					"../../../../../opt/homebrew/lib",
					"$(inherited)"
				);
				OTHER_LDFLAGS = (
					"-lcrypto",
					"-lssl",
					);

				MACH_O_TYPE = mh_execute;

    			};
    			name = Release;
    		};
		002EDF19002EDF190000002F /* Debug */ = {
    			isa = XCBuildConfiguration;
    			buildSettings = {
    				PRODUCT_NAME = All;
    
    				GCC_PREPROCESSOR_DEFINITIONS = (
					"ME_DEBUG=1",
					"$(inherited)"
				);
				OTHER_LDFLAGS = ();

				MACH_O_TYPE = mh_execute;

    			};
    			name = Debug;
    		};
    		002EDF19002EDF1900000030 /* Release */ = {
    			isa = XCBuildConfiguration;
    			buildSettings = {
    				PRODUCT_NAME = All;
    
    				GCC_PREPROCESSOR_DEFINITIONS = (
					"ME_DEBUG=0",
					"$(inherited)"
				);
				OTHER_LDFLAGS = ();

				MACH_O_TYPE = mh_execute;

    			};
    			name = Release;
    		};
		002EDF19002EDF1900000031 /* Debug */ = {
    			isa = XCBuildConfiguration;
    			buildSettings = {
    				PRODUCT_NAME = Prep;
    
    				GCC_PREPROCESSOR_DEFINITIONS = (
					"ME_DEBUG=1",
					"$(inherited)"
				);
				OTHER_LDFLAGS = ();

				MACH_O_TYPE = mh_execute;

    			};
    			name = Debug;
    		};
    		002EDF19002EDF1900000032 /* Release */ = {
    			isa = XCBuildConfiguration;
    			buildSettings = {
    				PRODUCT_NAME = Prep;
    
    				GCC_PREPROCESSOR_DEFINITIONS = (
					"ME_DEBUG=0",
					"$(inherited)"
				);
				OTHER_LDFLAGS = ();

				MACH_O_TYPE = mh_execute;

    			};
    			name = Release;
    		};
/* End XCBuildConfiguration section */

    /* Begin XCConfigurationList section */
    		002EDF19002EDF1900000002 /* Build configuration list for PBXProject "updater" */ = {
    			isa = XCConfigurationList;
    			buildConfigurations = (
    				002EDF19002EDF1900000003 /* Debug */,
    				002EDF19002EDF1900000004 /* Release */,
    			);
    			defaultConfigurationIsVisible = 0;
    			defaultConfigurationName = Release;
    		};
		002EDF19002EDF1900000025 /* Build configuration list for PBXNativeTarget "libupdater" */ = {
    			isa = XCConfigurationList;
    			buildConfigurations = (
    				002EDF19002EDF190000002B /* Debug */,
    				002EDF19002EDF190000002C /* Release */,
    			);
    			defaultConfigurationIsVisible = 0;
    			defaultConfigurationName = Release;
    		};
		002EDF19002EDF1900000028 /* Build configuration list for PBXNativeTarget "updater" */ = {
    			isa = XCConfigurationList;
    			buildConfigurations = (
    				002EDF19002EDF190000002D /* Debug */,
    				002EDF19002EDF190000002E /* Release */,
    			);
    			defaultConfigurationIsVisible = 0;
    			defaultConfigurationName = Release;
    		};
		002EDF19002EDF1900000005 /* Build configuration list for PBXNativeTarget "All" */ = {
    			isa = XCConfigurationList;
    			buildConfigurations = (
    				002EDF19002EDF190000002F /* Debug */,
    				002EDF19002EDF1900000030 /* Release */,
    			);
    			defaultConfigurationIsVisible = 0;
    			defaultConfigurationName = Release;
    		};
		002EDF19002EDF190000000B /* Build configuration list for PBXNativeTarget "Prep" */ = {
    			isa = XCConfigurationList;
    			buildConfigurations = (
    				002EDF19002EDF1900000031 /* Debug */,
    				002EDF19002EDF1900000032 /* Release */,
    			);
    			defaultConfigurationIsVisible = 0;
    			defaultConfigurationName = Release;
    		};
/* End XCConfigurationList section */
	};
	rootObject = 002EDF19002EDF1900000001 /* Project object */;
}
