// !$*UTF8*$!
{
	archiveVersion = 1;
	classes = {
	};
	objectVersion = 46;
	objects = {

/* Begin PBXBuildFile section */
		3AE9376C6A7B065E458845AC /* updater.c in Sources */ = {isa = PBXBuildFile; fileRef = 1E1BB6D4C109DD86502FBD14 /* updater.c */; };
/* End PBXBuildFile section */

/* Begin PBXFileReference section */
		1E1BB6D4C109DD86502FBD14 /* updater.c */ = {isa = PBXFileReference; lastKnownFileType = sourcecode.c.c; name = updater.c; path = ../../src/updater.c; sourceTree = "<group>"; };
		7BD063047C835FF6F0653144 /* libupdater.a */ = {isa = PBXFileReference; explicitFileType = archive.ar; includeInIndex = 0; name = libupdater.a; path = libupdater.a; sourceTree = BUILT_PRODUCTS_DIR; };
/* End PBXFileReference section */

/* Begin PBXFrameworksBuildPhase section */
		29E176745887CA66B1C924B4 /* Frameworks */ = {
			isa = PBXFrameworksBuildPhase;
			buildActionMask = 2147483647;
			files = (
			);
			runOnlyForDeploymentPostprocessing = 0;
		};
/* End PBXFrameworksBuildPhase section */

/* Begin PBXCopyFilesBuildPhase section */
		FDE433E06F6F4C521E707220 /* Embed Libraries */ = {
			isa = PBXCopyFilesBuildPhase;
			buildActionMask = 2147483647;
			dstPath = "";
			dstSubfolderSpec = 10;
			files = (
			);
			name = "Embed Libraries";
			runOnlyForDeploymentPostprocessing = 0;
		};
/* End PBXCopyFilesBuildPhase section */

/* Begin PBXGroup section */
		5B6E1F95EE79788736AE6DD5 /* updater */ = {
			isa = PBXGroup;
			children = (
				1E1BB6D4C109DD86502FBD14 /* updater.c */,
				A6C936B49B3FADE6EA134CF4 /* Products */,
			);
			name = updater;
			sourceTree = "<group>";
		};
		A6C936B49B3FADE6EA134CF4 /* Products */ = {
			isa = PBXGroup;
			children = (
				7BD063047C835FF6F0653144 /* libupdater.a */,
			);
			name = Products;
			sourceTree = "<group>";
		};
/* End PBXGroup section */

/* Begin PBXNativeTarget section */
		E6D5EA6A89C4111C18E9F0AA /* updater */ = {
			isa = PBXNativeTarget;
			buildConfigurationList = 181CBED346C312C5A0046D13 /* Build configuration list for PBXNativeTarget "updater" */;
			buildPhases = (
				99C8F714C86F4B0621B0A554 /* Resources */,
				0376106B321C645D8B5DBEAB /* Sources */,
				29E176745887CA66B1C924B4 /* Frameworks */,
				FDE433E06F6F4C521E707220 /* Embed Libraries */,
			);
			buildRules = (
			);
			dependencies = (
			);
			name = updater;
			productName = updater;
			productReference = 7BD063047C835FF6F0653144 /* libupdater.a */;
			productType = "com.apple.product-type.library.static";
		};
/* End PBXNativeTarget section */

/* Begin PBXProject section */
		08FB7793FE84155DC02AAC07 /* Project object */ = {
			isa = PBXProject;
			buildConfigurationList = 1DEB928908733DD80010E9CD /* Build configuration list for PBXProject "updater" */;
			compatibilityVersion = "Xcode 3.2";
			hasScannedForEncodings = 1;
			mainGroup = 5B6E1F95EE79788736AE6DD5 /* updater */;
			projectDirPath = "";
			projectRoot = "";
			targets = (
				E6D5EA6A89C4111C18E9F0AA /* libupdater.a */,
			);
		};
/* End PBXProject section */

/* Begin PBXResourcesBuildPhase section */
		99C8F714C86F4B0621B0A554 /* Resources */ = {
			isa = PBXResourcesBuildPhase;
			buildActionMask = 2147483647;
			files = (
			);
			runOnlyForDeploymentPostprocessing = 0;
		};
/* End PBXResourcesBuildPhase section */

/* Begin PBXSourcesBuildPhase section */
		0376106B321C645D8B5DBEAB /* Sources */ = {
			isa = PBXSourcesBuildPhase;
			buildActionMask = 2147483647;
			files = (
				3AE9376C6A7B065E458845AC /* updater.c in Sources */,
			);
			runOnlyForDeploymentPostprocessing = 0;
		};
/* End PBXSourcesBuildPhase section */

/* Begin PBXVariantGroup section */
/* End PBXVariantGroup section */

/* Begin XCBuildConfiguration section */
		24DC6B1EC92F08D0DB67515E /* release */ = {
			isa = XCBuildConfiguration;
			buildSettings = {
				CONFIGURATION_BUILD_DIR = "$(SYMROOT)";
				CONFIGURATION_TEMP_DIR = "$(OBJROOT)";
				GCC_C_LANGUAGE_STANDARD = gnu11;
				GCC_OPTIMIZATION_LEVEL = 3;
				GCC_PREPROCESSOR_DEFINITIONS = (
					"ME_VERSION=\\\"1.2.0\\\"",
				);
				GCC_SYMBOLS_PRIVATE_EXTERN = NO;
				GCC_WARN_ABOUT_RETURN_TYPE = YES;
				GCC_WARN_UNUSED_VARIABLE = YES;
				OBJROOT = "../../build/obj/updater-macosx-release";
				ONLY_ACTIVE_ARCH = NO;
				OTHER_CFLAGS = (
					"-Wno-sign-conversion",
					"-Wno-unused-parameter",
					"-Wno-unused-result",
					"-Wshorten-64-to-32",
					"-Wall",
					"-Wno-unknown-warning-option",
					"-fstack-protector",
					"--param=ssp-buffer-size=4",
					"-Wformat",
					"-Wformat-security",
					"-Wsign-compare",
				);
				OTHER_LDFLAGS = (
					"-ldl",
					"-lpthread",
					"-lm",
					"-s",
					"-Wl,-no_warn_duplicate_libraries",
					"-Wl,-rpath,@executable_path/",
					"-Wl,-rpath,@loader_path/",
				);
				STANDARD_C_PLUS_PLUS_LIBRARY_TYPE = static;
				SYMROOT = ../../build/bin;
				USER_HEADER_SEARCH_PATHS = (
					../../src,
					../../src/osdep,
					/opt/homebrew/include,
				);
				WARNING_CFLAGS = "-Wall -Wextra";
			};
			name = release;
		};
		61EF7D73BD30D0E5908B1BB3 /* release */ = {
			isa = XCBuildConfiguration;
			buildSettings = {
				ALWAYS_SEARCH_USER_PATHS = NO;
				CONFIGURATION_BUILD_DIR = ../../build/bin;
				GCC_DYNAMIC_NO_PIC = NO;
				INSTALL_PATH = /usr/local/lib;
				PRODUCT_NAME = updater;
			};
			name = release;
		};
		798F7039A9213F2B842E7E79 /* debug */ = {
			isa = XCBuildConfiguration;
			buildSettings = {
				ALWAYS_SEARCH_USER_PATHS = NO;
				CONFIGURATION_BUILD_DIR = ../../build/bin;
				DEBUG_INFORMATION_FORMAT = "dwarf-with-dsym";
				GCC_DYNAMIC_NO_PIC = NO;
				INSTALL_PATH = /usr/local/lib;
				PRODUCT_NAME = updater;
			};
			name = debug;
		};
		FF9307E4A2DE9116BDAF5E24 /* debug */ = {
			isa = XCBuildConfiguration;
			buildSettings = {
				CONFIGURATION_BUILD_DIR = "$(SYMROOT)";
				CONFIGURATION_TEMP_DIR = "$(OBJROOT)";
				COPY_PHASE_STRIP = NO;
				GCC_C_LANGUAGE_STANDARD = gnu11;
				GCC_ENABLE_FIX_AND_CONTINUE = YES;
				GCC_OPTIMIZATION_LEVEL = 0;
				GCC_PREPROCESSOR_DEFINITIONS = (
					"ME_VERSION=\\\"1.2.0\\\"",
					"ME_DEBUG=1",
				);
				GCC_SYMBOLS_PRIVATE_EXTERN = NO;
				GCC_WARN_ABOUT_RETURN_TYPE = YES;
				GCC_WARN_UNUSED_VARIABLE = YES;
				OBJROOT = "../../build/obj/updater-macosx-debug";
				ONLY_ACTIVE_ARCH = YES;
				OTHER_CFLAGS = (
					"-Wno-sign-conversion",
					"-Wno-unused-parameter",
					"-Wno-unused-result",
					"-Wshorten-64-to-32",
					"-Wall",
					"-Wno-unknown-warning-option",
					"-fstack-protector",
					"--param=ssp-buffer-size=4",
					"-Wformat",
					"-Wformat-security",
					"-Wsign-compare",
				);
				OTHER_LDFLAGS = (
					"-ldl",
					"-lpthread",
					"-lm",
					"-g",
					"-Wl,-no_warn_duplicate_libraries",
					"-Wl,-rpath,@executable_path/",
					"-Wl,-rpath,@loader_path/",
				);
				STANDARD_C_PLUS_PLUS_LIBRARY_TYPE = static;
				SYMROOT = ../../build/bin;
				USER_HEADER_SEARCH_PATHS = (
					../../src,
					../../src/osdep,
					/opt/homebrew/include,
				);
				WARNING_CFLAGS = "-Wall -Wextra";
			};
			name = debug;
		};
/* End XCBuildConfiguration section */

/* Begin XCConfigurationList section */
		181CBED346C312C5A0046D13 /* Build configuration list for PBXNativeTarget "libupdater.a" */ = {
			isa = XCConfigurationList;
			buildConfigurations = (
				798F7039A9213F2B842E7E79 /* debug */,
				61EF7D73BD30D0E5908B1BB3 /* release */,
			);
			defaultConfigurationIsVisible = 0;
			defaultConfigurationName = debug;
		};
		1DEB928908733DD80010E9CD /* Build configuration list for PBXProject "updater" */ = {
			isa = XCConfigurationList;
			buildConfigurations = (
				FF9307E4A2DE9116BDAF5E24 /* debug */,
				24DC6B1EC92F08D0DB67515E /* release */,
			);
			defaultConfigurationIsVisible = 0;
			defaultConfigurationName = debug;
		};
/* End XCConfigurationList section */
};
rootObject = 08FB7793FE84155DC02AAC07 /* Project object */;
}